// !$*UTF8*$!
{
	archiveVersion = 1;
	classes = {
	};
	objectVersion = 50;
	objects = {

/* Begin PBXBuildFile section */
		A11296AE20A0A4FB00F9737F /* Extensions.swift in Sources */ = {isa = PBXBuildFile; fileRef = A11296AD20A0A4FB00F9737F /* Extensions.swift */; };
		A11488C920A0EC6000F60B92 /* RoomDetailViewController.swift in Sources */ = {isa = PBXBuildFile; fileRef = A11488C820A0EC6000F60B92 /* RoomDetailViewController.swift */; };
		A11488CE20A0F14700F60B92 /* RenamePlaceViewController.swift in Sources */ = {isa = PBXBuildFile; fileRef = A11488CD20A0F14700F60B92 /* RenamePlaceViewController.swift */; };
		A11488D020A1043E00F60B92 /* BoxesViewController.swift in Sources */ = {isa = PBXBuildFile; fileRef = A11488CF20A1043E00F60B92 /* BoxesViewController.swift */; };
		A11488D220A10E6600F60B92 /* RenameBoxViewController.swift in Sources */ = {isa = PBXBuildFile; fileRef = A11488D120A10E6600F60B92 /* RenameBoxViewController.swift */; };
		A11488D520A11A8F00F60B92 /* ItemViewController.swift in Sources */ = {isa = PBXBuildFile; fileRef = A11488D420A11A8F00F60B92 /* ItemViewController.swift */; };
		A11488D720A11BA100F60B92 /* ItemDetailViewController.swift in Sources */ = {isa = PBXBuildFile; fileRef = A11488D620A11BA100F60B92 /* ItemDetailViewController.swift */; };
		A11887B02090D13B0026F971 /* CoreDataStack.swift in Sources */ = {isa = PBXBuildFile; fileRef = A11887AF2090D13B0026F971 /* CoreDataStack.swift */; };
		A11887B32090D1660026F971 /* PackedDataModel.xcdatamodeld in Sources */ = {isa = PBXBuildFile; fileRef = A11887B12090D1660026F971 /* PackedDataModel.xcdatamodeld */; };
		A120412E208E56390093E782 /* Constants.swift in Sources */ = {isa = PBXBuildFile; fileRef = A120412D208E56390093E782 /* Constants.swift */; };
		A1204130208E72680093E782 /* Place.swift in Sources */ = {isa = PBXBuildFile; fileRef = A120412F208E72680093E782 /* Place.swift */; };
		A1204132208E72BA0093E782 /* Room.swift in Sources */ = {isa = PBXBuildFile; fileRef = A1204131208E72BA0093E782 /* Room.swift */; };
		A1204134208E72D80093E782 /* Box.swift in Sources */ = {isa = PBXBuildFile; fileRef = A1204133208E72D80093E782 /* Box.swift */; };
		A1204136208E72DE0093E782 /* Item.swift in Sources */ = {isa = PBXBuildFile; fileRef = A1204135208E72DE0093E782 /* Item.swift */; };
		A120413B208E79460093E782 /* PlaceController.swift in Sources */ = {isa = PBXBuildFile; fileRef = A120413A208E79460093E782 /* PlaceController.swift */; };
		A120413D208E79890093E782 /* RoomController.swift in Sources */ = {isa = PBXBuildFile; fileRef = A120413C208E79890093E782 /* RoomController.swift */; };
		A120413F208E79BE0093E782 /* BoxController.swift in Sources */ = {isa = PBXBuildFile; fileRef = A120413E208E79BE0093E782 /* BoxController.swift */; };
		A122B2F420C59E72002E37F0 /* RegisterViewController.swift in Sources */ = {isa = PBXBuildFile; fileRef = A122B2F320C59E72002E37F0 /* RegisterViewController.swift */; };
		A145AF732097D5C6005C2388 /* MainViewController.swift in Sources */ = {isa = PBXBuildFile; fileRef = A145AF722097D5C6005C2388 /* MainViewController.swift */; };
		A145AF7520983B0E005C2388 /* PackedTableViewCell.swift in Sources */ = {isa = PBXBuildFile; fileRef = A145AF7420983B0E005C2388 /* PackedTableViewCell.swift */; };
		A145AF7920990ECA005C2388 /* NewPlaceViewController.swift in Sources */ = {isa = PBXBuildFile; fileRef = A145AF7820990ECA005C2388 /* NewPlaceViewController.swift */; };
		A14D803920D44408004EBE67 /* OnboardingViewController.swift in Sources */ = {isa = PBXBuildFile; fileRef = A14D803820D44408004EBE67 /* OnboardingViewController.swift */; };
		A169E89220D5A49200CB05E7 /* InstructionSlideViewController.swift in Sources */ = {isa = PBXBuildFile; fileRef = A169E89120D5A49200CB05E7 /* InstructionSlideViewController.swift */; };
		A174FF8B20C5E87100D89564 /* FirebaseDataManagerCreator.swift in Sources */ = {isa = PBXBuildFile; fileRef = A174FF8A20C5E87100D89564 /* FirebaseDataManagerCreator.swift */; };
		A17FA91F20937DA700C40C4C /* SearchTableViewController.swift in Sources */ = {isa = PBXBuildFile; fileRef = A17FA91E20937DA700C40C4C /* SearchTableViewController.swift */; };
		A17FA9212093A18000C40C4C /* SearchTableViewCell.swift in Sources */ = {isa = PBXBuildFile; fileRef = A17FA9202093A18000C40C4C /* SearchTableViewCell.swift */; };
		A18DAC1B20A0B40E00A9FAF1 /* PlaceViewController.swift in Sources */ = {isa = PBXBuildFile; fileRef = A18DAC1A20A0B40E00A9FAF1 /* PlaceViewController.swift */; };
		A18F728420C6FF9E00C9BD68 /* FireBaseDataManagerDestroyer.swift in Sources */ = {isa = PBXBuildFile; fileRef = A18F728320C6FF9E00C9BD68 /* FireBaseDataManagerDestroyer.swift */; };
		A18F728620C8481F00C9BD68 /* ShareViewController.swift in Sources */ = {isa = PBXBuildFile; fileRef = A18F728520C8481F00C9BD68 /* ShareViewController.swift */; };
		A1A9987420A231060039662E /* PackedItemTableViewCell.swift in Sources */ = {isa = PBXBuildFile; fileRef = A1A9987320A231060039662E /* PackedItemTableViewCell.swift */; };
		A1AA1ABD20A0E9D600E53C51 /* RoomViewController.swift in Sources */ = {isa = PBXBuildFile; fileRef = A1AA1ABC20A0E9D600E53C51 /* RoomViewController.swift */; };
		A1BE820020A4AC9E002529A7 /* LoginViewController.swift in Sources */ = {isa = PBXBuildFile; fileRef = A1BE81FF20A4AC9E002529A7 /* LoginViewController.swift */; };
		A1DB092C20A5F62D001D2FF1 /* GoogleService-Info.plist in Resources */ = {isa = PBXBuildFile; fileRef = A1DB092B20A5F62D001D2FF1 /* GoogleService-Info.plist */; };
		A1EFE630208BBE42000C6E21 /* AppDelegate.swift in Sources */ = {isa = PBXBuildFile; fileRef = A1EFE62F208BBE42000C6E21 /* AppDelegate.swift */; };
		A1EFE637208BBE43000C6E21 /* Assets.xcassets in Resources */ = {isa = PBXBuildFile; fileRef = A1EFE636208BBE43000C6E21 /* Assets.xcassets */; };
		A1EFE63A208BBE43000C6E21 /* LaunchScreen.storyboard in Resources */ = {isa = PBXBuildFile; fileRef = A1EFE638208BBE43000C6E21 /* LaunchScreen.storyboard */; };
		C416650A4633AADA8EF8C7B5 /* Pods_Packed.framework in Frameworks */ = {isa = PBXBuildFile; fileRef = C59DB2E385B8B1FEFB4DC494 /* Pods_Packed.framework */; };
/* End PBXBuildFile section */

/* Begin PBXFileReference section */
		530A73DB23875A1D11EDE31B /* Pods-Packed.debug.xcconfig */ = {isa = PBXFileReference; includeInIndex = 1; lastKnownFileType = text.xcconfig; name = "Pods-Packed.debug.xcconfig"; path = "Pods/Target Support Files/Pods-Packed/Pods-Packed.debug.xcconfig"; sourceTree = "<group>"; };
		A11296AD20A0A4FB00F9737F /* Extensions.swift */ = {isa = PBXFileReference; lastKnownFileType = sourcecode.swift; path = Extensions.swift; sourceTree = "<group>"; };
		A11488C820A0EC6000F60B92 /* RoomDetailViewController.swift */ = {isa = PBXFileReference; lastKnownFileType = sourcecode.swift; path = RoomDetailViewController.swift; sourceTree = "<group>"; };
		A11488CD20A0F14700F60B92 /* RenamePlaceViewController.swift */ = {isa = PBXFileReference; lastKnownFileType = sourcecode.swift; path = RenamePlaceViewController.swift; sourceTree = "<group>"; };
		A11488CF20A1043E00F60B92 /* BoxesViewController.swift */ = {isa = PBXFileReference; lastKnownFileType = sourcecode.swift; path = BoxesViewController.swift; sourceTree = "<group>"; };
		A11488D120A10E6600F60B92 /* RenameBoxViewController.swift */ = {isa = PBXFileReference; lastKnownFileType = sourcecode.swift; path = RenameBoxViewController.swift; sourceTree = "<group>"; };
		A11488D420A11A8F00F60B92 /* ItemViewController.swift */ = {isa = PBXFileReference; lastKnownFileType = sourcecode.swift; path = ItemViewController.swift; sourceTree = "<group>"; };
		A11488D620A11BA100F60B92 /* ItemDetailViewController.swift */ = {isa = PBXFileReference; lastKnownFileType = sourcecode.swift; path = ItemDetailViewController.swift; sourceTree = "<group>"; };
		A11887AF2090D13B0026F971 /* CoreDataStack.swift */ = {isa = PBXFileReference; lastKnownFileType = sourcecode.swift; path = CoreDataStack.swift; sourceTree = "<group>"; };
		A11887B22090D1660026F971 /* MoveDataModel.xcdatamodel */ = {isa = PBXFileReference; lastKnownFileType = wrapper.xcdatamodel; path = MoveDataModel.xcdatamodel; sourceTree = "<group>"; };
		A11D6A1220D5F57900C73979 /* MoveDataModel_v1.xcdatamodel */ = {isa = PBXFileReference; lastKnownFileType = wrapper.xcdatamodel; path = MoveDataModel_v1.xcdatamodel; sourceTree = "<group>"; };
		A120412D208E56390093E782 /* Constants.swift */ = {isa = PBXFileReference; lastKnownFileType = sourcecode.swift; path = Constants.swift; sourceTree = "<group>"; };
		A120412F208E72680093E782 /* Place.swift */ = {isa = PBXFileReference; lastKnownFileType = sourcecode.swift; path = Place.swift; sourceTree = "<group>"; };
		A1204131208E72BA0093E782 /* Room.swift */ = {isa = PBXFileReference; lastKnownFileType = sourcecode.swift; path = Room.swift; sourceTree = "<group>"; };
		A1204133208E72D80093E782 /* Box.swift */ = {isa = PBXFileReference; lastKnownFileType = sourcecode.swift; path = Box.swift; sourceTree = "<group>"; };
		A1204135208E72DE0093E782 /* Item.swift */ = {isa = PBXFileReference; lastKnownFileType = sourcecode.swift; path = Item.swift; sourceTree = "<group>"; };
		A120413A208E79460093E782 /* PlaceController.swift */ = {isa = PBXFileReference; lastKnownFileType = sourcecode.swift; path = PlaceController.swift; sourceTree = "<group>"; };
		A120413C208E79890093E782 /* RoomController.swift */ = {isa = PBXFileReference; lastKnownFileType = sourcecode.swift; path = RoomController.swift; sourceTree = "<group>"; };
		A120413E208E79BE0093E782 /* BoxController.swift */ = {isa = PBXFileReference; lastKnownFileType = sourcecode.swift; path = BoxController.swift; sourceTree = "<group>"; };
		A122B2F320C59E72002E37F0 /* RegisterViewController.swift */ = {isa = PBXFileReference; lastKnownFileType = sourcecode.swift; path = RegisterViewController.swift; sourceTree = "<group>"; };
		A145AF722097D5C6005C2388 /* MainViewController.swift */ = {isa = PBXFileReference; lastKnownFileType = sourcecode.swift; path = MainViewController.swift; sourceTree = "<group>"; };
		A145AF7420983B0E005C2388 /* PackedTableViewCell.swift */ = {isa = PBXFileReference; lastKnownFileType = sourcecode.swift; path = PackedTableViewCell.swift; sourceTree = "<group>"; };
		A145AF7820990ECA005C2388 /* NewPlaceViewController.swift */ = {isa = PBXFileReference; lastKnownFileType = sourcecode.swift; path = NewPlaceViewController.swift; sourceTree = "<group>"; };
		A14D803820D44408004EBE67 /* OnboardingViewController.swift */ = {isa = PBXFileReference; lastKnownFileType = sourcecode.swift; path = OnboardingViewController.swift; sourceTree = "<group>"; };
		A169E89120D5A49200CB05E7 /* InstructionSlideViewController.swift */ = {isa = PBXFileReference; lastKnownFileType = sourcecode.swift; path = InstructionSlideViewController.swift; sourceTree = "<group>"; };
		A174FF8A20C5E87100D89564 /* FirebaseDataManagerCreator.swift */ = {isa = PBXFileReference; lastKnownFileType = sourcecode.swift; path = FirebaseDataManagerCreator.swift; sourceTree = "<group>"; };
		A17FA91E20937DA700C40C4C /* SearchTableViewController.swift */ = {isa = PBXFileReference; lastKnownFileType = sourcecode.swift; path = SearchTableViewController.swift; sourceTree = "<group>"; };
		A17FA9202093A18000C40C4C /* SearchTableViewCell.swift */ = {isa = PBXFileReference; lastKnownFileType = sourcecode.swift; path = SearchTableViewCell.swift; sourceTree = "<group>"; };
		A18DAC1A20A0B40E00A9FAF1 /* PlaceViewController.swift */ = {isa = PBXFileReference; lastKnownFileType = sourcecode.swift; path = PlaceViewController.swift; sourceTree = "<group>"; };
		A18F728320C6FF9E00C9BD68 /* FireBaseDataManagerDestroyer.swift */ = {isa = PBXFileReference; lastKnownFileType = sourcecode.swift; path = FireBaseDataManagerDestroyer.swift; sourceTree = "<group>"; };
		A18F728520C8481F00C9BD68 /* ShareViewController.swift */ = {isa = PBXFileReference; lastKnownFileType = sourcecode.swift; path = ShareViewController.swift; sourceTree = "<group>"; };
		A1A9987320A231060039662E /* PackedItemTableViewCell.swift */ = {isa = PBXFileReference; lastKnownFileType = sourcecode.swift; path = PackedItemTableViewCell.swift; sourceTree = "<group>"; };
		A1AA1ABC20A0E9D600E53C51 /* RoomViewController.swift */ = {isa = PBXFileReference; lastKnownFileType = sourcecode.swift; path = RoomViewController.swift; sourceTree = "<group>"; };
		A1BE81FF20A4AC9E002529A7 /* LoginViewController.swift */ = {isa = PBXFileReference; lastKnownFileType = sourcecode.swift; path = LoginViewController.swift; sourceTree = "<group>"; };
		A1DB092B20A5F62D001D2FF1 /* GoogleService-Info.plist */ = {isa = PBXFileReference; fileEncoding = 4; lastKnownFileType = text.plist.xml; path = "GoogleService-Info.plist"; sourceTree = SOURCE_ROOT; };
		A1EFE62C208BBE42000C6E21 /* Packed..app */ = {isa = PBXFileReference; explicitFileType = wrapper.application; includeInIndex = 0; path = Packed..app; sourceTree = BUILT_PRODUCTS_DIR; };
		A1EFE62F208BBE42000C6E21 /* AppDelegate.swift */ = {isa = PBXFileReference; lastKnownFileType = sourcecode.swift; path = AppDelegate.swift; sourceTree = "<group>"; };
		A1EFE636208BBE43000C6E21 /* Assets.xcassets */ = {isa = PBXFileReference; lastKnownFileType = folder.assetcatalog; path = Assets.xcassets; sourceTree = "<group>"; };
		A1EFE639208BBE43000C6E21 /* Base */ = {isa = PBXFileReference; lastKnownFileType = file.storyboard; name = Base; path = Base.lproj/LaunchScreen.storyboard; sourceTree = "<group>"; };
		A1EFE63B208BBE43000C6E21 /* Info.plist */ = {isa = PBXFileReference; lastKnownFileType = text.plist.xml; path = Info.plist; sourceTree = "<group>"; };
		B7720B3B9F5DD3883F187243 /* Pods-Packed.release.xcconfig */ = {isa = PBXFileReference; includeInIndex = 1; lastKnownFileType = text.xcconfig; name = "Pods-Packed.release.xcconfig"; path = "Pods/Target Support Files/Pods-Packed/Pods-Packed.release.xcconfig"; sourceTree = "<group>"; };
		C59DB2E385B8B1FEFB4DC494 /* Pods_Packed.framework */ = {isa = PBXFileReference; explicitFileType = wrapper.framework; includeInIndex = 0; path = Pods_Packed.framework; sourceTree = BUILT_PRODUCTS_DIR; };
/* End PBXFileReference section */

/* Begin PBXFrameworksBuildPhase section */
		A1EFE629208BBE42000C6E21 /* Frameworks */ = {
			isa = PBXFrameworksBuildPhase;
			buildActionMask = 2147483647;
			files = (
				C416650A4633AADA8EF8C7B5 /* Pods_Packed.framework in Frameworks */,
			);
			runOnlyForDeploymentPostprocessing = 0;
		};
/* End PBXFrameworksBuildPhase section */

/* Begin PBXGroup section */
		5CDA32CA3F91AED772278249 /* Frameworks */ = {
			isa = PBXGroup;
			children = (
				C59DB2E385B8B1FEFB4DC494 /* Pods_Packed.framework */,
			);
			name = Frameworks;
			sourceTree = "<group>";
		};
		98A1C0B23D10A04A8B735713 /* Pods */ = {
			isa = PBXGroup;
			children = (
				530A73DB23875A1D11EDE31B /* Pods-Packed.debug.xcconfig */,
				B7720B3B9F5DD3883F187243 /* Pods-Packed.release.xcconfig */,
			);
			name = Pods;
			sourceTree = "<group>";
		};
		A10A9E922092236C00EED622 /* Core Data */ = {
			isa = PBXGroup;
			children = (
				A11887AF2090D13B0026F971 /* CoreDataStack.swift */,
				A11887B12090D1660026F971 /* PackedDataModel.xcdatamodeld */,
			);
			path = "Core Data";
			sourceTree = "<group>";
		};
		A11488C720A0EC3300F60B92 /* Places */ = {
			isa = PBXGroup;
			children = (
				A18DAC1A20A0B40E00A9FAF1 /* PlaceViewController.swift */,
				A145AF7820990ECA005C2388 /* NewPlaceViewController.swift */,
				A11488CD20A0F14700F60B92 /* RenamePlaceViewController.swift */,
			);
			path = Places;
			sourceTree = "<group>";
		};
		A11488CA20A0EEA800F60B92 /* Rooms */ = {
			isa = PBXGroup;
			children = (
				A1AA1ABC20A0E9D600E53C51 /* RoomViewController.swift */,
				A11488C820A0EC6000F60B92 /* RoomDetailViewController.swift */,
			);
			path = Rooms;
			sourceTree = "<group>";
		};
		A11488D320A1100D00F60B92 /* Boxes */ = {
			isa = PBXGroup;
			children = (
				A11488CF20A1043E00F60B92 /* BoxesViewController.swift */,
				A11488D120A10E6600F60B92 /* RenameBoxViewController.swift */,
			);
			path = Boxes;
			sourceTree = "<group>";
		};
		A11488DA20A11E4100F60B92 /* Items */ = {
			isa = PBXGroup;
			children = (
				A11488D420A11A8F00F60B92 /* ItemViewController.swift */,
				A11488D620A11BA100F60B92 /* ItemDetailViewController.swift */,
			);
			path = Items;
			sourceTree = "<group>";
		};
		A120412B208E532B0093E782 /* Resources */ = {
			isa = PBXGroup;
			children = (
				A1EFE62F208BBE42000C6E21 /* AppDelegate.swift */,
				A120412D208E56390093E782 /* Constants.swift */,
				A11296AD20A0A4FB00F9737F /* Extensions.swift */,
				A1EFE636208BBE43000C6E21 /* Assets.xcassets */,
				A1EFE63B208BBE43000C6E21 /* Info.plist */,
				A1EFE638208BBE43000C6E21 /* LaunchScreen.storyboard */,
			);
			path = Resources;
			sourceTree = "<group>";
		};
		A120412C208E53360093E782 /* ViewControllers */ = {
			isa = PBXGroup;
			children = (
				A145AF722097D5C6005C2388 /* MainViewController.swift */,
				A17FA91E20937DA700C40C4C /* SearchTableViewController.swift */,
				A1BE81FF20A4AC9E002529A7 /* LoginViewController.swift */,
				A122B2F320C59E72002E37F0 /* RegisterViewController.swift */,
				A18F728520C8481F00C9BD68 /* ShareViewController.swift */,
				A14D803820D44408004EBE67 /* OnboardingViewController.swift */,
				A169E89120D5A49200CB05E7 /* InstructionSlideViewController.swift */,
				A11488C720A0EC3300F60B92 /* Places */,
				A11488CA20A0EEA800F60B92 /* Rooms */,
				A11488D320A1100D00F60B92 /* Boxes */,
				A11488DA20A11E4100F60B92 /* Items */,
			);
			path = ViewControllers;
			sourceTree = "<group>";
		};
		A1204137208E74680093E782 /* Models */ = {
			isa = PBXGroup;
			children = (
				A120412F208E72680093E782 /* Place.swift */,
				A1204131208E72BA0093E782 /* Room.swift */,
				A1204133208E72D80093E782 /* Box.swift */,
				A1204135208E72DE0093E782 /* Item.swift */,
			);
			path = Models;
			sourceTree = "<group>";
		};
		A1204140208E7F230093E782 /* ModelControllers */ = {
			isa = PBXGroup;
			children = (
				A120413A208E79460093E782 /* PlaceController.swift */,
				A120413C208E79890093E782 /* RoomController.swift */,
				A120413E208E79BE0093E782 /* BoxController.swift */,
				A174FF8A20C5E87100D89564 /* FirebaseDataManagerCreator.swift */,
				A18F728320C6FF9E00C9BD68 /* FireBaseDataManagerDestroyer.swift */,
			);
			path = ModelControllers;
			sourceTree = "<group>";
		};
		A1E9E5FC208F7DE600971DA7 /* TableViewCells */ = {
			isa = PBXGroup;
			children = (
				A17FA9202093A18000C40C4C /* SearchTableViewCell.swift */,
				A145AF7420983B0E005C2388 /* PackedTableViewCell.swift */,
				A1A9987320A231060039662E /* PackedItemTableViewCell.swift */,
			);
			path = TableViewCells;
			sourceTree = "<group>";
		};
		A1EFE623208BBE42000C6E21 = {
			isa = PBXGroup;
			children = (
				A1EFE62E208BBE42000C6E21 /* Packed */,
				A1EFE62D208BBE42000C6E21 /* Products */,
				98A1C0B23D10A04A8B735713 /* Pods */,
				5CDA32CA3F91AED772278249 /* Frameworks */,
			);
			sourceTree = "<group>";
		};
		A1EFE62D208BBE42000C6E21 /* Products */ = {
			isa = PBXGroup;
			children = (
				A1EFE62C208BBE42000C6E21 /* Packed..app */,
			);
			name = Products;
			sourceTree = "<group>";
		};
		A1EFE62E208BBE42000C6E21 /* Packed */ = {
			isa = PBXGroup;
			children = (
				A1DB092B20A5F62D001D2FF1 /* GoogleService-Info.plist */,
				A1E9E5FC208F7DE600971DA7 /* TableViewCells */,
				A120412C208E53360093E782 /* ViewControllers */,
				A1204137208E74680093E782 /* Models */,
				A1204140208E7F230093E782 /* ModelControllers */,
				A120412B208E532B0093E782 /* Resources */,
				A10A9E922092236C00EED622 /* Core Data */,
			);
			path = Packed;
			sourceTree = "<group>";
		};
/* End PBXGroup section */

/* Begin PBXNativeTarget section */
		A1EFE62B208BBE42000C6E21 /* Packed. */ = {
			isa = PBXNativeTarget;
			buildConfigurationList = A1EFE63E208BBE43000C6E21 /* Build configuration list for PBXNativeTarget "Packed." */;
			buildPhases = (
				50BB12A3402359F9356DF083 /* [CP] Check Pods Manifest.lock */,
				A1EFE628208BBE42000C6E21 /* Sources */,
				A1EFE629208BBE42000C6E21 /* Frameworks */,
				A1EFE62A208BBE42000C6E21 /* Resources */,
				AD9405E9D2EC93DB74B3BDC5 /* [CP] Embed Pods Frameworks */,
			);
			buildRules = (
			);
			dependencies = (
			);
			name = Packed.;
			productName = Move;
			productReference = A1EFE62C208BBE42000C6E21 /* Packed..app */;
			productType = "com.apple.product-type.application";
		};
/* End PBXNativeTarget section */

/* Begin PBXProject section */
		A1EFE624208BBE42000C6E21 /* Project object */ = {
			isa = PBXProject;
			attributes = {
				LastSwiftUpdateCheck = 0930;
				LastUpgradeCheck = 0930;
				ORGANIZATIONNAME = "Jake Gray";
				TargetAttributes = {
					A1EFE62B208BBE42000C6E21 = {
						CreatedOnToolsVersion = 9.3;
					};
				};
			};
			buildConfigurationList = A1EFE627208BBE42000C6E21 /* Build configuration list for PBXProject "Packed" */;
			compatibilityVersion = "Xcode 9.3";
			developmentRegion = en;
			hasScannedForEncodings = 0;
			knownRegions = (
				en,
				Base,
			);
			mainGroup = A1EFE623208BBE42000C6E21;
			productRefGroup = A1EFE62D208BBE42000C6E21 /* Products */;
			projectDirPath = "";
			projectRoot = "";
			targets = (
				A1EFE62B208BBE42000C6E21 /* Packed. */,
			);
		};
/* End PBXProject section */

/* Begin PBXResourcesBuildPhase section */
		A1EFE62A208BBE42000C6E21 /* Resources */ = {
			isa = PBXResourcesBuildPhase;
			buildActionMask = 2147483647;
			files = (
				A1EFE63A208BBE43000C6E21 /* LaunchScreen.storyboard in Resources */,
				A1DB092C20A5F62D001D2FF1 /* GoogleService-Info.plist in Resources */,
				A1EFE637208BBE43000C6E21 /* Assets.xcassets in Resources */,
			);
			runOnlyForDeploymentPostprocessing = 0;
		};
/* End PBXResourcesBuildPhase section */

/* Begin PBXShellScriptBuildPhase section */
		50BB12A3402359F9356DF083 /* [CP] Check Pods Manifest.lock */ = {
			isa = PBXShellScriptBuildPhase;
			buildActionMask = 2147483647;
			files = (
			);
			inputPaths = (
				"${PODS_PODFILE_DIR_PATH}/Podfile.lock",
				"${PODS_ROOT}/Manifest.lock",
			);
			name = "[CP] Check Pods Manifest.lock";
			outputPaths = (
				"$(DERIVED_FILE_DIR)/Pods-Packed-checkManifestLockResult.txt",
			);
			runOnlyForDeploymentPostprocessing = 0;
			shellPath = /bin/sh;
			shellScript = "diff \"${PODS_PODFILE_DIR_PATH}/Podfile.lock\" \"${PODS_ROOT}/Manifest.lock\" > /dev/null\nif [ $? != 0 ] ; then\n    # print error to STDERR\n    echo \"error: The sandbox is not in sync with the Podfile.lock. Run 'pod install' or update your CocoaPods installation.\" >&2\n    exit 1\nfi\n# This output is used by Xcode 'outputs' to avoid re-running this script phase.\necho \"SUCCESS\" > \"${SCRIPT_OUTPUT_FILE_0}\"\n";
			showEnvVarsInLog = 0;
		};
		AD9405E9D2EC93DB74B3BDC5 /* [CP] Embed Pods Frameworks */ = {
			isa = PBXShellScriptBuildPhase;
			buildActionMask = 2147483647;
			files = (
			);
			inputPaths = (
				"${SRCROOT}/Pods/Target Support Files/Pods-Packed/Pods-Packed-frameworks.sh",
				"${BUILT_PRODUCTS_DIR}/GTMSessionFetcher/GTMSessionFetcher.framework",
				"${BUILT_PRODUCTS_DIR}/GoogleToolboxForMac/GoogleToolboxForMac.framework",
				"${BUILT_PRODUCTS_DIR}/leveldb-library/leveldb.framework",
				"${BUILT_PRODUCTS_DIR}/nanopb/nanopb.framework",
			);
			name = "[CP] Embed Pods Frameworks";
			outputPaths = (
				"${TARGET_BUILD_DIR}/${FRAMEWORKS_FOLDER_PATH}/GTMSessionFetcher.framework",
				"${TARGET_BUILD_DIR}/${FRAMEWORKS_FOLDER_PATH}/GoogleToolboxForMac.framework",
				"${TARGET_BUILD_DIR}/${FRAMEWORKS_FOLDER_PATH}/leveldb.framework",
				"${TARGET_BUILD_DIR}/${FRAMEWORKS_FOLDER_PATH}/nanopb.framework",
			);
			runOnlyForDeploymentPostprocessing = 0;
			shellPath = /bin/sh;
			shellScript = "\"${SRCROOT}/Pods/Target Support Files/Pods-Packed/Pods-Packed-frameworks.sh\"\n";
			showEnvVarsInLog = 0;
		};
/* End PBXShellScriptBuildPhase section */

/* Begin PBXSourcesBuildPhase section */
		A1EFE628208BBE42000C6E21 /* Sources */ = {
			isa = PBXSourcesBuildPhase;
			buildActionMask = 2147483647;
			files = (
				A1BE820020A4AC9E002529A7 /* LoginViewController.swift in Sources */,
				A11488D220A10E6600F60B92 /* RenameBoxViewController.swift in Sources */,
				A120413F208E79BE0093E782 /* BoxController.swift in Sources */,
				A120413B208E79460093E782 /* PlaceController.swift in Sources */,
				A120413D208E79890093E782 /* RoomController.swift in Sources */,
				A145AF7520983B0E005C2388 /* PackedTableViewCell.swift in Sources */,
				A18DAC1B20A0B40E00A9FAF1 /* PlaceViewController.swift in Sources */,
				A145AF732097D5C6005C2388 /* MainViewController.swift in Sources */,
				A11488D020A1043E00F60B92 /* BoxesViewController.swift in Sources */,
				A11887B32090D1660026F971 /* PackedDataModel.xcdatamodeld in Sources */,
				A11488D720A11BA100F60B92 /* ItemDetailViewController.swift in Sources */,
				A1AA1ABD20A0E9D600E53C51 /* RoomViewController.swift in Sources */,
				A11488C920A0EC6000F60B92 /* RoomDetailViewController.swift in Sources */,
				A1EFE630208BBE42000C6E21 /* AppDelegate.swift in Sources */,
				A11887B02090D13B0026F971 /* CoreDataStack.swift in Sources */,
				A1A9987420A231060039662E /* PackedItemTableViewCell.swift in Sources */,
				A11296AE20A0A4FB00F9737F /* Extensions.swift in Sources */,
				A1204130208E72680093E782 /* Place.swift in Sources */,
				A1204134208E72D80093E782 /* Box.swift in Sources */,
				A1204136208E72DE0093E782 /* Item.swift in Sources */,
				A18F728620C8481F00C9BD68 /* ShareViewController.swift in Sources */,
				A145AF7920990ECA005C2388 /* NewPlaceViewController.swift in Sources */,
				A120412E208E56390093E782 /* Constants.swift in Sources */,
				A11488CE20A0F14700F60B92 /* RenamePlaceViewController.swift in Sources */,
				A122B2F420C59E72002E37F0 /* RegisterViewController.swift in Sources */,
				A1204132208E72BA0093E782 /* Room.swift in Sources */,
				A11488D520A11A8F00F60B92 /* ItemViewController.swift in Sources */,
				A14D803920D44408004EBE67 /* OnboardingViewController.swift in Sources */,
				A169E89220D5A49200CB05E7 /* InstructionSlideViewController.swift in Sources */,
				A174FF8B20C5E87100D89564 /* FirebaseDataManagerCreator.swift in Sources */,
				A17FA9212093A18000C40C4C /* SearchTableViewCell.swift in Sources */,
				A18F728420C6FF9E00C9BD68 /* FireBaseDataManagerDestroyer.swift in Sources */,
				A17FA91F20937DA700C40C4C /* SearchTableViewController.swift in Sources */,
			);
			runOnlyForDeploymentPostprocessing = 0;
		};
/* End PBXSourcesBuildPhase section */

/* Begin PBXVariantGroup section */
		A1EFE638208BBE43000C6E21 /* LaunchScreen.storyboard */ = {
			isa = PBXVariantGroup;
			children = (
				A1EFE639208BBE43000C6E21 /* Base */,
			);
			name = LaunchScreen.storyboard;
			sourceTree = "<group>";
		};
/* End PBXVariantGroup section */

/* Begin XCBuildConfiguration section */
		A1EFE63C208BBE43000C6E21 /* Debug */ = {
			isa = XCBuildConfiguration;
			buildSettings = {
				ALWAYS_SEARCH_USER_PATHS = NO;
				CLANG_ANALYZER_NONNULL = YES;
				CLANG_ANALYZER_NUMBER_OBJECT_CONVERSION = YES_AGGRESSIVE;
				CLANG_CXX_LANGUAGE_STANDARD = "gnu++14";
				CLANG_CXX_LIBRARY = "libc++";
				CLANG_ENABLE_MODULES = YES;
				CLANG_ENABLE_OBJC_ARC = YES;
				CLANG_ENABLE_OBJC_WEAK = YES;
				CLANG_WARN_BLOCK_CAPTURE_AUTORELEASING = YES;
				CLANG_WARN_BOOL_CONVERSION = YES;
				CLANG_WARN_COMMA = YES;
				CLANG_WARN_CONSTANT_CONVERSION = YES;
				CLANG_WARN_DEPRECATED_OBJC_IMPLEMENTATIONS = YES;
				CLANG_WARN_DIRECT_OBJC_ISA_USAGE = YES_ERROR;
				CLANG_WARN_DOCUMENTATION_COMMENTS = YES;
				CLANG_WARN_EMPTY_BODY = YES;
				CLANG_WARN_ENUM_CONVERSION = YES;
				CLANG_WARN_INFINITE_RECURSION = YES;
				CLANG_WARN_INT_CONVERSION = YES;
				CLANG_WARN_NON_LITERAL_NULL_CONVERSION = YES;
				CLANG_WARN_OBJC_IMPLICIT_RETAIN_SELF = YES;
				CLANG_WARN_OBJC_LITERAL_CONVERSION = YES;
				CLANG_WARN_OBJC_ROOT_CLASS = YES_ERROR;
				CLANG_WARN_RANGE_LOOP_ANALYSIS = YES;
				CLANG_WARN_STRICT_PROTOTYPES = YES;
				CLANG_WARN_SUSPICIOUS_MOVE = YES;
				CLANG_WARN_UNGUARDED_AVAILABILITY = YES_AGGRESSIVE;
				CLANG_WARN_UNREACHABLE_CODE = YES;
				CLANG_WARN__DUPLICATE_METHOD_MATCH = YES;
				CODE_SIGN_IDENTITY = "iPhone Developer";
				COPY_PHASE_STRIP = NO;
				DEBUG_INFORMATION_FORMAT = dwarf;
				ENABLE_STRICT_OBJC_MSGSEND = YES;
				ENABLE_TESTABILITY = YES;
				GCC_C_LANGUAGE_STANDARD = gnu11;
				GCC_DYNAMIC_NO_PIC = NO;
				GCC_NO_COMMON_BLOCKS = YES;
				GCC_OPTIMIZATION_LEVEL = 0;
				GCC_PREPROCESSOR_DEFINITIONS = (
					"DEBUG=1",
					"$(inherited)",
				);
				GCC_WARN_64_TO_32_BIT_CONVERSION = YES;
				GCC_WARN_ABOUT_RETURN_TYPE = YES_ERROR;
				GCC_WARN_UNDECLARED_SELECTOR = YES;
				GCC_WARN_UNINITIALIZED_AUTOS = YES_AGGRESSIVE;
				GCC_WARN_UNUSED_FUNCTION = YES;
				GCC_WARN_UNUSED_VARIABLE = YES;
				IPHONEOS_DEPLOYMENT_TARGET = 11.3;
				MTL_ENABLE_DEBUG_INFO = YES;
				ONLY_ACTIVE_ARCH = YES;
				SDKROOT = iphoneos;
				SWIFT_ACTIVE_COMPILATION_CONDITIONS = DEBUG;
				SWIFT_OPTIMIZATION_LEVEL = "-Onone";
			};
			name = Debug;
		};
		A1EFE63D208BBE43000C6E21 /* Release */ = {
			isa = XCBuildConfiguration;
			buildSettings = {
				ALWAYS_SEARCH_USER_PATHS = NO;
				CLANG_ANALYZER_NONNULL = YES;
				CLANG_ANALYZER_NUMBER_OBJECT_CONVERSION = YES_AGGRESSIVE;
				CLANG_CXX_LANGUAGE_STANDARD = "gnu++14";
				CLANG_CXX_LIBRARY = "libc++";
				CLANG_ENABLE_MODULES = YES;
				CLANG_ENABLE_OBJC_ARC = YES;
				CLANG_ENABLE_OBJC_WEAK = YES;
				CLANG_WARN_BLOCK_CAPTURE_AUTORELEASING = YES;
				CLANG_WARN_BOOL_CONVERSION = YES;
				CLANG_WARN_COMMA = YES;
				CLANG_WARN_CONSTANT_CONVERSION = YES;
				CLANG_WARN_DEPRECATED_OBJC_IMPLEMENTATIONS = YES;
				CLANG_WARN_DIRECT_OBJC_ISA_USAGE = YES_ERROR;
				CLANG_WARN_DOCUMENTATION_COMMENTS = YES;
				CLANG_WARN_EMPTY_BODY = YES;
				CLANG_WARN_ENUM_CONVERSION = YES;
				CLANG_WARN_INFINITE_RECURSION = YES;
				CLANG_WARN_INT_CONVERSION = YES;
				CLANG_WARN_NON_LITERAL_NULL_CONVERSION = YES;
				CLANG_WARN_OBJC_IMPLICIT_RETAIN_SELF = YES;
				CLANG_WARN_OBJC_LITERAL_CONVERSION = YES;
				CLANG_WARN_OBJC_ROOT_CLASS = YES_ERROR;
				CLANG_WARN_RANGE_LOOP_ANALYSIS = YES;
				CLANG_WARN_STRICT_PROTOTYPES = YES;
				CLANG_WARN_SUSPICIOUS_MOVE = YES;
				CLANG_WARN_UNGUARDED_AVAILABILITY = YES_AGGRESSIVE;
				CLANG_WARN_UNREACHABLE_CODE = YES;
				CLANG_WARN__DUPLICATE_METHOD_MATCH = YES;
				CODE_SIGN_IDENTITY = "iPhone Developer";
				COPY_PHASE_STRIP = NO;
				DEBUG_INFORMATION_FORMAT = "dwarf-with-dsym";
				ENABLE_NS_ASSERTIONS = NO;
				ENABLE_STRICT_OBJC_MSGSEND = YES;
				GCC_C_LANGUAGE_STANDARD = gnu11;
				GCC_NO_COMMON_BLOCKS = YES;
				GCC_WARN_64_TO_32_BIT_CONVERSION = YES;
				GCC_WARN_ABOUT_RETURN_TYPE = YES_ERROR;
				GCC_WARN_UNDECLARED_SELECTOR = YES;
				GCC_WARN_UNINITIALIZED_AUTOS = YES_AGGRESSIVE;
				GCC_WARN_UNUSED_FUNCTION = YES;
				GCC_WARN_UNUSED_VARIABLE = YES;
				IPHONEOS_DEPLOYMENT_TARGET = 11.3;
				MTL_ENABLE_DEBUG_INFO = NO;
				SDKROOT = iphoneos;
				SWIFT_COMPILATION_MODE = wholemodule;
				SWIFT_OPTIMIZATION_LEVEL = "-O";
				VALIDATE_PRODUCT = YES;
			};
			name = Release;
		};
		A1EFE63F208BBE43000C6E21 /* Debug */ = {
			isa = XCBuildConfiguration;
			baseConfigurationReference = 530A73DB23875A1D11EDE31B /* Pods-Packed.debug.xcconfig */;
			buildSettings = {
				ASSETCATALOG_COMPILER_APPICON_NAME = AppIcon;
				CODE_SIGN_STYLE = Automatic;
				DEVELOPMENT_TEAM = 6K47ASRSPN;
				INFOPLIST_FILE = "$(SRCROOT)/Packed/Resources/Info.plist";
				IPHONEOS_DEPLOYMENT_TARGET = 11.3;
				LD_RUNPATH_SEARCH_PATHS = (
					"$(inherited)",
					"@executable_path/Frameworks",
				);
				PRODUCT_BUNDLE_IDENTIFIER = com.Skybridge.Packed;
				PRODUCT_NAME = "$(TARGET_NAME)";
				SWIFT_VERSION = 4.0;
				TARGETED_DEVICE_FAMILY = 1;
			};
			name = Debug;
		};
		A1EFE640208BBE43000C6E21 /* Release */ = {
			isa = XCBuildConfiguration;
			baseConfigurationReference = B7720B3B9F5DD3883F187243 /* Pods-Packed.release.xcconfig */;
			buildSettings = {
				ASSETCATALOG_COMPILER_APPICON_NAME = AppIcon;
				CODE_SIGN_STYLE = Automatic;
				DEVELOPMENT_TEAM = 6K47ASRSPN;
				INFOPLIST_FILE = "$(SRCROOT)/Packed/Resources/Info.plist";
				IPHONEOS_DEPLOYMENT_TARGET = 11.3;
				LD_RUNPATH_SEARCH_PATHS = (
					"$(inherited)",
					"@executable_path/Frameworks",
				);
				PRODUCT_BUNDLE_IDENTIFIER = com.Skybridge.Packed;
				PRODUCT_NAME = "$(TARGET_NAME)";
				SWIFT_VERSION = 4.0;
				TARGETED_DEVICE_FAMILY = 1;
			};
			name = Release;
		};
/* End XCBuildConfiguration section */

/* Begin XCConfigurationList section */
		A1EFE627208BBE42000C6E21 /* Build configuration list for PBXProject "Packed" */ = {
			isa = XCConfigurationList;
			buildConfigurations = (
				A1EFE63C208BBE43000C6E21 /* Debug */,
				A1EFE63D208BBE43000C6E21 /* Release */,
			);
			defaultConfigurationIsVisible = 0;
			defaultConfigurationName = Release;
		};
		A1EFE63E208BBE43000C6E21 /* Build configuration list for PBXNativeTarget "Packed." */ = {
			isa = XCConfigurationList;
			buildConfigurations = (
				A1EFE63F208BBE43000C6E21 /* Debug */,
				A1EFE640208BBE43000C6E21 /* Release */,
			);
			defaultConfigurationIsVisible = 0;
			defaultConfigurationName = Release;
		};
/* End XCConfigurationList section */

/* Begin XCVersionGroup section */
		A11887B12090D1660026F971 /* PackedDataModel.xcdatamodeld */ = {
			isa = XCVersionGroup;
			children = (
				A11D6A1220D5F57900C73979 /* MoveDataModel_v1.xcdatamodel */,
				A11887B22090D1660026F971 /* MoveDataModel.xcdatamodel */,
			);
			currentVersion = A11887B22090D1660026F971 /* MoveDataModel.xcdatamodel */;
			path = PackedDataModel.xcdatamodeld;
			sourceTree = "<group>";
			versionGroupType = wrapper.xcdatamodel;
		};
/* End XCVersionGroup section */
	};
	rootObject = A1EFE624208BBE42000C6E21 /* Project object */;
}
